
Microsoft Visual Studio Solution File, Format Version 12.00
# Visual Studio Version 17
VisualStudioVersion = 17.0.31903.59
MinimumVisualStudioVersion = 10.0.40219.1
Project("{2150E333-8FDC-42A3-9474-1A3956D46DE8}") = "src", "src", "{827E0CD3-B72D-47B6-A68D-7590B98EB39B}"
EndProject
Project("{2150E333-8FDC-42A3-9474-1A3956D46DE8}") = "BuildingBlocks", "BuildingBlocks", "{90298CBA-BD6F-3A0A-69D5-97CAD7B05E7E}"
EndProject
Project("{FAE04EC0-301F-11D3-BF4B-00C04F79EFBC}") = "ARAP.SharedKernel", "src\BuildingBlocks\ARAP.SharedKernel\ARAP.SharedKernel.csproj", "{6DA10531-6864-46A1-B4B2-6C445001159A}"
EndProject
Project("{FAE04EC0-301F-11D3-BF4B-00C04F79EFBC}") = "ARAP.Infrastructure.Outbox", "src\BuildingBlocks\ARAP.Infrastructure.Outbox\ARAP.Infrastructure.Outbox.csproj", "{9F7CDAA1-F554-4C2E-9898-BAEE813F39D8}"
EndProject
Project("{2150E333-8FDC-42A3-9474-1A3956D46DE8}") = "Modules", "Modules", "{EC447DCF-ABFA-6E24-52A5-D7FD48A5C558}"
EndProject
Project("{2150E333-8FDC-42A3-9474-1A3956D46DE8}") = "ResearchProposal", "ResearchProposal", "{1C6BD97C-D8A5-43B5-D0A5-503C2DB99D68}"
EndProject
Project("{FAE04EC0-301F-11D3-BF4B-00C04F79EFBC}") = "ARAP.Modules.ResearchProposal.Domain", "src\Modules\ResearchProposal\ARAP.Modules.ResearchProposal.Domain\ARAP.Modules.ResearchProposal.Domain.csproj", "{8456DB09-B891-4937-BFBA-A6A8A8B2DCA8}"
EndProject
Project("{FAE04EC0-301F-11D3-BF4B-00C04F79EFBC}") = "ARAP.Modules.ResearchProposal.Application", "src\Modules\ResearchProposal\ARAP.Modules.ResearchProposal.Application\ARAP.Modules.ResearchProposal.Application.csproj", "{9028B4FD-5AB2-44DF-9C85-F6A53FD8AE05}"
EndProject
Project("{FAE04EC0-301F-11D3-BF4B-00C04F79EFBC}") = "ARAP.EventBus", "src\BuildingBlocks\ARAP.EventBus\ARAP.EventBus.csproj", "{6453169C-E0F2-4936-9C2F-80CBE20BC42F}"
EndProject
Project("{FAE04EC0-301F-11D3-BF4B-00C04F79EFBC}") = "ARAP.Modules.ResearchProposal.Infrastructure", "src\Modules\ResearchProposal\ARAP.Modules.ResearchProposal.Infrastructure\ARAP.Modules.ResearchProposal.Infrastructure.csproj", "{8DD2F24A-54E6-425B-9FBD-F106483973BC}"
EndProject
Project("{FAE04EC0-301F-11D3-BF4B-00C04F79EFBC}") = "ARAP.Modules.ResearchProposal.Api", "src\Modules\ResearchProposal\ARAP.Modules.ResearchProposal.Api\ARAP.Modules.ResearchProposal.Api.csproj", "{6539443C-732C-42DB-B8F5-5EC3CC602784}"
EndProject
Project("{2150E333-8FDC-42A3-9474-1A3956D46DE8}") = "DocumentReview", "DocumentReview", "{FFFD76E7-9DDC-99A6-5C69-F087A1CB34EC}"
EndProject
Project("{FAE04EC0-301F-11D3-BF4B-00C04F79EFBC}") = "ARAP.Modules.DocumentReview.Domain", "src\Modules\DocumentReview\ARAP.Modules.DocumentReview.Domain\ARAP.Modules.DocumentReview.Domain.csproj", "{593570FC-5061-4A57-B33F-ADD92CE52D73}"
EndProject
Project("{FAE04EC0-301F-11D3-BF4B-00C04F79EFBC}") = "ARAP.Modules.DocumentReview.Application", "src\Modules\DocumentReview\ARAP.Modules.DocumentReview.Application\ARAP.Modules.DocumentReview.Application.csproj", "{70F35C14-F283-4247-906C-B11349AD59C8}"
EndProject
Project("{FAE04EC0-301F-11D3-BF4B-00C04F79EFBC}") = "ARAP.Modules.DocumentReview.Infrastructure", "src\Modules\DocumentReview\ARAP.Modules.DocumentReview.Infrastructure\ARAP.Modules.DocumentReview.Infrastructure.csproj", "{E05B6797-29D2-49BA-AF1B-8257C006AC0B}"
EndProject
Project("{FAE04EC0-301F-11D3-BF4B-00C04F79EFBC}") = "ARAP.Modules.DocumentReview.Api", "src\Modules\DocumentReview\ARAP.Modules.DocumentReview.Api\ARAP.Modules.DocumentReview.Api.csproj", "{ABA9604C-E708-46F0-BD9C-34E4E8E3D0E2}"
EndProject
Project("{2150E333-8FDC-42A3-9474-1A3956D46DE8}") = "ProgressTracking", "ProgressTracking", "{A5B49C5C-A90A-EF2E-4DC9-FA3994374B10}"
EndProject
Project("{FAE04EC0-301F-11D3-BF4B-00C04F79EFBC}") = "ARAP.Modules.ProgressTracking.Domain", "src\Modules\ProgressTracking\ARAP.Modules.ProgressTracking.Domain\ARAP.Modules.ProgressTracking.Domain.csproj", "{00028AD9-D885-47C8-9AC6-90C43F22DC26}"
EndProject
Project("{FAE04EC0-301F-11D3-BF4B-00C04F79EFBC}") = "ARAP.Modules.ProgressTracking.Application", "src\Modules\ProgressTracking\ARAP.Modules.ProgressTracking.Application\ARAP.Modules.ProgressTracking.Application.csproj", "{27D0731F-4852-4D29-AD76-3402D04C66FC}"
EndProject
Project("{FAE04EC0-301F-11D3-BF4B-00C04F79EFBC}") = "ARAP.Modules.ProgressTracking.Infrastructure", "src\Modules\ProgressTracking\ARAP.Modules.ProgressTracking.Infrastructure\ARAP.Modules.ProgressTracking.Infrastructure.csproj", "{30C4E721-E6C8-4E78-8CC7-285B19868BF1}"
EndProject
Project("{FAE04EC0-301F-11D3-BF4B-00C04F79EFBC}") = "ARAP.Modules.ProgressTracking.Api", "src\Modules\ProgressTracking\ARAP.Modules.ProgressTracking.Api\ARAP.Modules.ProgressTracking.Api.csproj", "{648C6690-48E0-4226-85AB-79B95D6D95F1}"
EndProject
Project("{2150E333-8FDC-42A3-9474-1A3956D46DE8}") = "AcademicIntegrity", "AcademicIntegrity", "{5BDD47FE-004A-9474-AEAD-CE87C742A1ED}"
EndProject
Project("{FAE04EC0-301F-11D3-BF4B-00C04F79EFBC}") = "ARAP.Modules.AcademicIntegrity.Domain", "src\Modules\AcademicIntegrity\ARAP.Modules.AcademicIntegrity.Domain\ARAP.Modules.AcademicIntegrity.Domain.csproj", "{CDA9046C-1B0B-4D58-AF90-87A61912C8AB}"
EndProject
Project("{FAE04EC0-301F-11D3-BF4B-00C04F79EFBC}") = "ARAP.Modules.AcademicIntegrity.Application", "src\Modules\AcademicIntegrity\ARAP.Modules.AcademicIntegrity.Application\ARAP.Modules.AcademicIntegrity.Application.csproj", "{169FF6F6-E269-4E55-9D20-66C8F4A97E4B}"
EndProject
Project("{FAE04EC0-301F-11D3-BF4B-00C04F79EFBC}") = "ARAP.Modules.AcademicIntegrity.Infrastructure", "src\Modules\AcademicIntegrity\ARAP.Modules.AcademicIntegrity.Infrastructure\ARAP.Modules.AcademicIntegrity.Infrastructure.csproj", "{461BE414-3796-4788-A3DA-E020108C84D7}"
EndProject
Project("{FAE04EC0-301F-11D3-BF4B-00C04F79EFBC}") = "ARAP.Modules.AcademicIntegrity.Api", "src\Modules\AcademicIntegrity\ARAP.Modules.AcademicIntegrity.Api\ARAP.Modules.AcademicIntegrity.Api.csproj", "{FEA47C2C-A6CD-4BA2-B98E-BD1EEA2DD94E}"
EndProject
Project("{2150E333-8FDC-42A3-9474-1A3956D46DE8}") = "Notifications", "Notifications", "{DE9DAF8A-E684-0FD3-FFDC-40D3E3158533}"
EndProject
Project("{FAE04EC0-301F-11D3-BF4B-00C04F79EFBC}") = "ARAP.Modules.Notifications.Domain", "src\Modules\Notifications\ARAP.Modules.Notifications.Domain\ARAP.Modules.Notifications.Domain.csproj", "{18B99550-BE9B-4704-9D21-DF3CC48FAD97}"
EndProject
Project("{FAE04EC0-301F-11D3-BF4B-00C04F79EFBC}") = "ARAP.Modules.Notifications.Application", "src\Modules\Notifications\ARAP.Modules.Notifications.Application\ARAP.Modules.Notifications.Application.csproj", "{F71D27E6-8844-442F-8F6C-D0A3C05D1AAC}"
EndProject
Project("{FAE04EC0-301F-11D3-BF4B-00C04F79EFBC}") = "ARAP.Modules.Notifications.Infrastructure", "src\Modules\Notifications\ARAP.Modules.Notifications.Infrastructure\ARAP.Modules.Notifications.Infrastructure.csproj", "{E33D0F30-8173-4DEB-B329-ABC09EB7427E}"
EndProject
Project("{FAE04EC0-301F-11D3-BF4B-00C04F79EFBC}") = "ARAP.Modules.Notifications.Api", "src\Modules\Notifications\ARAP.Modules.Notifications.Api\ARAP.Modules.Notifications.Api.csproj", "{66772105-612B-4499-9376-F11A067F2438}"
EndProject
Project("{2150E333-8FDC-42A3-9474-1A3956D46DE8}") = "ApiGateway", "ApiGateway", "{FCA01246-F2C6-0AA7-D43F-FD13BE0B9D88}"
EndProject
Project("{FAE04EC0-301F-11D3-BF4B-00C04F79EFBC}") = "ARAP.Api", "src\ApiGateway\ARAP.Api\ARAP.Api.csproj", "{D631631D-DFA0-494D-BC87-CE43961D9734}"
EndProject
Project("{2150E333-8FDC-42A3-9474-1A3956D46DE8}") = "tests", "tests", "{0AB3BF05-4346-4AA6-1389-037BE0695223}"
EndProject
Project("{2150E333-8FDC-42A3-9474-1A3956D46DE8}") = "UnitTests", "UnitTests", "{394A81D9-3C45-9818-BB26-23F2B85056FF}"
EndProject
Project("{FAE04EC0-301F-11D3-BF4B-00C04F79EFBC}") = "ARAP.Modules.ResearchProposal.Domain.Tests", "tests\UnitTests\ARAP.Modules.ResearchProposal.Domain.Tests\ARAP.Modules.ResearchProposal.Domain.Tests.csproj", "{05A94B19-2A28-4C94-A5B3-054F97A934EC}"
EndProject
Project("{FAE04EC0-301F-11D3-BF4B-00C04F79EFBC}") = "ARAP.Modules.DocumentReview.Domain.Tests", "tests\UnitTests\ARAP.Modules.DocumentReview.Domain.Tests\ARAP.Modules.DocumentReview.Domain.Tests.csproj", "{5D8120A7-DF12-4B03-A246-DF3FA16268E5}"
EndProject
Project("{2150E333-8FDC-42A3-9474-1A3956D46DE8}") = "IntegrationTests", "IntegrationTests", "{30785934-E017-5D9F-2777-3D61460A5281}"
EndProject
Project("{FAE04EC0-301F-11D3-BF4B-00C04F79EFBC}") = "ARAP.Api.Integration.Tests", "tests\IntegrationTests\ARAP.Api.Integration.Tests\ARAP.Api.Integration.Tests.csproj", "{283B8625-03B7-45BC-B339-BE4314118F4B}"
EndProject
Global
	GlobalSection(SolutionConfigurationPlatforms) = preSolution
		Debug|Any CPU = Debug|Any CPU
		Debug|x64 = Debug|x64
		Debug|x86 = Debug|x86
		Release|Any CPU = Release|Any CPU
		Release|x64 = Release|x64
		Release|x86 = Release|x86
	EndGlobalSection
	GlobalSection(ProjectConfigurationPlatforms) = postSolution
		{6DA10531-6864-46A1-B4B2-6C445001159A}.Debug|Any CPU.ActiveCfg = Debug|Any CPU
		{6DA10531-6864-46A1-B4B2-6C445001159A}.Debug|Any CPU.Build.0 = Debug|Any CPU
		{6DA10531-6864-46A1-B4B2-6C445001159A}.Debug|x64.ActiveCfg = Debug|Any CPU
		{6DA10531-6864-46A1-B4B2-6C445001159A}.Debug|x64.Build.0 = Debug|Any CPU
		{6DA10531-6864-46A1-B4B2-6C445001159A}.Debug|x86.ActiveCfg = Debug|Any CPU
		{6DA10531-6864-46A1-B4B2-6C445001159A}.Debug|x86.Build.0 = Debug|Any CPU
		{6DA10531-6864-46A1-B4B2-6C445001159A}.Release|Any CPU.ActiveCfg = Release|Any CPU
		{6DA10531-6864-46A1-B4B2-6C445001159A}.Release|Any CPU.Build.0 = Release|Any CPU
		{6DA10531-6864-46A1-B4B2-6C445001159A}.Release|x64.ActiveCfg = Release|Any CPU
		{6DA10531-6864-46A1-B4B2-6C445001159A}.Release|x64.Build.0 = Release|Any CPU
		{6DA10531-6864-46A1-B4B2-6C445001159A}.Release|x86.ActiveCfg = Release|Any CPU
		{6DA10531-6864-46A1-B4B2-6C445001159A}.Release|x86.Build.0 = Release|Any CPU
		{9F7CDAA1-F554-4C2E-9898-BAEE813F39D8}.Debug|Any CPU.ActiveCfg = Debug|Any CPU
		{9F7CDAA1-F554-4C2E-9898-BAEE813F39D8}.Debug|Any CPU.Build.0 = Debug|Any CPU
		{9F7CDAA1-F554-4C2E-9898-BAEE813F39D8}.Debug|x64.ActiveCfg = Debug|Any CPU
		{9F7CDAA1-F554-4C2E-9898-BAEE813F39D8}.Debug|x64.Build.0 = Debug|Any CPU
		{9F7CDAA1-F554-4C2E-9898-BAEE813F39D8}.Debug|x86.ActiveCfg = Debug|Any CPU
		{9F7CDAA1-F554-4C2E-9898-BAEE813F39D8}.Debug|x86.Build.0 = Debug|Any CPU
		{9F7CDAA1-F554-4C2E-9898-BAEE813F39D8}.Release|Any CPU.ActiveCfg = Release|Any CPU
		{9F7CDAA1-F554-4C2E-9898-BAEE813F39D8}.Release|Any CPU.Build.0 = Release|Any CPU
		{9F7CDAA1-F554-4C2E-9898-BAEE813F39D8}.Release|x64.ActiveCfg = Release|Any CPU
		{9F7CDAA1-F554-4C2E-9898-BAEE813F39D8}.Release|x64.Build.0 = Release|Any CPU
		{9F7CDAA1-F554-4C2E-9898-BAEE813F39D8}.Release|x86.ActiveCfg = Release|Any CPU
		{9F7CDAA1-F554-4C2E-9898-BAEE813F39D8}.Release|x86.Build.0 = Release|Any CPU
		{8456DB09-B891-4937-BFBA-A6A8A8B2DCA8}.Debug|Any CPU.ActiveCfg = Debug|Any CPU
		{8456DB09-B891-4937-BFBA-A6A8A8B2DCA8}.Debug|Any CPU.Build.0 = Debug|Any CPU
		{8456DB09-B891-4937-BFBA-A6A8A8B2DCA8}.Debug|x64.ActiveCfg = Debug|Any CPU
		{8456DB09-B891-4937-BFBA-A6A8A8B2DCA8}.Debug|x64.Build.0 = Debug|Any CPU
		{8456DB09-B891-4937-BFBA-A6A8A8B2DCA8}.Debug|x86.ActiveCfg = Debug|Any CPU
		{8456DB09-B891-4937-BFBA-A6A8A8B2DCA8}.Debug|x86.Build.0 = Debug|Any CPU
		{8456DB09-B891-4937-BFBA-A6A8A8B2DCA8}.Release|Any CPU.ActiveCfg = Release|Any CPU
		{8456DB09-B891-4937-BFBA-A6A8A8B2DCA8}.Release|Any CPU.Build.0 = Release|Any CPU
		{8456DB09-B891-4937-BFBA-A6A8A8B2DCA8}.Release|x64.ActiveCfg = Release|Any CPU
		{8456DB09-B891-4937-BFBA-A6A8A8B2DCA8}.Release|x64.Build.0 = Release|Any CPU
		{8456DB09-B891-4937-BFBA-A6A8A8B2DCA8}.Release|x86.ActiveCfg = Release|Any CPU
		{8456DB09-B891-4937-BFBA-A6A8A8B2DCA8}.Release|x86.Build.0 = Release|Any CPU
		{9028B4FD-5AB2-44DF-9C85-F6A53FD8AE05}.Debug|Any CPU.ActiveCfg = Debug|Any CPU
		{9028B4FD-5AB2-44DF-9C85-F6A53FD8AE05}.Debug|Any CPU.Build.0 = Debug|Any CPU
		{9028B4FD-5AB2-44DF-9C85-F6A53FD8AE05}.Debug|x64.ActiveCfg = Debug|Any CPU
		{9028B4FD-5AB2-44DF-9C85-F6A53FD8AE05}.Debug|x64.Build.0 = Debug|Any CPU
		{9028B4FD-5AB2-44DF-9C85-F6A53FD8AE05}.Debug|x86.ActiveCfg = Debug|Any CPU
		{9028B4FD-5AB2-44DF-9C85-F6A53FD8AE05}.Debug|x86.Build.0 = Debug|Any CPU
		{9028B4FD-5AB2-44DF-9C85-F6A53FD8AE05}.Release|Any CPU.ActiveCfg = Release|Any CPU
		{9028B4FD-5AB2-44DF-9C85-F6A53FD8AE05}.Release|Any CPU.Build.0 = Release|Any CPU
		{9028B4FD-5AB2-44DF-9C85-F6A53FD8AE05}.Release|x64.ActiveCfg = Release|Any CPU
		{9028B4FD-5AB2-44DF-9C85-F6A53FD8AE05}.Release|x64.Build.0 = Release|Any CPU
		{9028B4FD-5AB2-44DF-9C85-F6A53FD8AE05}.Release|x86.ActiveCfg = Release|Any CPU
		{9028B4FD-5AB2-44DF-9C85-F6A53FD8AE05}.Release|x86.Build.0 = Release|Any CPU
		{6453169C-E0F2-4936-9C2F-80CBE20BC42F}.Debug|Any CPU.ActiveCfg = Debug|Any CPU
		{6453169C-E0F2-4936-9C2F-80CBE20BC42F}.Debug|Any CPU.Build.0 = Debug|Any CPU
		{6453169C-E0F2-4936-9C2F-80CBE20BC42F}.Debug|x64.ActiveCfg = Debug|Any CPU
		{6453169C-E0F2-4936-9C2F-80CBE20BC42F}.Debug|x64.Build.0 = Debug|Any CPU
		{6453169C-E0F2-4936-9C2F-80CBE20BC42F}.Debug|x86.ActiveCfg = Debug|Any CPU
		{6453169C-E0F2-4936-9C2F-80CBE20BC42F}.Debug|x86.Build.0 = Debug|Any CPU
		{6453169C-E0F2-4936-9C2F-80CBE20BC42F}.Release|Any CPU.ActiveCfg = Release|Any CPU
		{6453169C-E0F2-4936-9C2F-80CBE20BC42F}.Release|Any CPU.Build.0 = Release|Any CPU
		{6453169C-E0F2-4936-9C2F-80CBE20BC42F}.Release|x64.ActiveCfg = Release|Any CPU
		{6453169C-E0F2-4936-9C2F-80CBE20BC42F}.Release|x64.Build.0 = Release|Any CPU
		{6453169C-E0F2-4936-9C2F-80CBE20BC42F}.Release|x86.ActiveCfg = Release|Any CPU
		{6453169C-E0F2-4936-9C2F-80CBE20BC42F}.Release|x86.Build.0 = Release|Any CPU
		{8DD2F24A-54E6-425B-9FBD-F106483973BC}.Debug|Any CPU.ActiveCfg = Debug|Any CPU
		{8DD2F24A-54E6-425B-9FBD-F106483973BC}.Debug|Any CPU.Build.0 = Debug|Any CPU
		{8DD2F24A-54E6-425B-9FBD-F106483973BC}.Debug|x64.ActiveCfg = Debug|Any CPU
		{8DD2F24A-54E6-425B-9FBD-F106483973BC}.Debug|x64.Build.0 = Debug|Any CPU
		{8DD2F24A-54E6-425B-9FBD-F106483973BC}.Debug|x86.ActiveCfg = Debug|Any CPU
		{8DD2F24A-54E6-425B-9FBD-F106483973BC}.Debug|x86.Build.0 = Debug|Any CPU
		{8DD2F24A-54E6-425B-9FBD-F106483973BC}.Release|Any CPU.ActiveCfg = Release|Any CPU
		{8DD2F24A-54E6-425B-9FBD-F106483973BC}.Release|Any CPU.Build.0 = Release|Any CPU
		{8DD2F24A-54E6-425B-9FBD-F106483973BC}.Release|x64.ActiveCfg = Release|Any CPU
		{8DD2F24A-54E6-425B-9FBD-F106483973BC}.Release|x64.Build.0 = Release|Any CPU
		{8DD2F24A-54E6-425B-9FBD-F106483973BC}.Release|x86.ActiveCfg = Release|Any CPU
		{8DD2F24A-54E6-425B-9FBD-F106483973BC}.Release|x86.Build.0 = Release|Any CPU
		{6539443C-732C-42DB-B8F5-5EC3CC602784}.Debug|Any CPU.ActiveCfg = Debug|Any CPU
		{6539443C-732C-42DB-B8F5-5EC3CC602784}.Debug|Any CPU.Build.0 = Debug|Any CPU
		{6539443C-732C-42DB-B8F5-5EC3CC602784}.Debug|x64.ActiveCfg = Debug|Any CPU
		{6539443C-732C-42DB-B8F5-5EC3CC602784}.Debug|x64.Build.0 = Debug|Any CPU
		{6539443C-732C-42DB-B8F5-5EC3CC602784}.Debug|x86.ActiveCfg = Debug|Any CPU
		{6539443C-732C-42DB-B8F5-5EC3CC602784}.Debug|x86.Build.0 = Debug|Any CPU
		{6539443C-732C-42DB-B8F5-5EC3CC602784}.Release|Any CPU.ActiveCfg = Release|Any CPU
		{6539443C-732C-42DB-B8F5-5EC3CC602784}.Release|Any CPU.Build.0 = Release|Any CPU
		{6539443C-732C-42DB-B8F5-5EC3CC602784}.Release|x64.ActiveCfg = Release|Any CPU
		{6539443C-732C-42DB-B8F5-5EC3CC602784}.Release|x64.Build.0 = Release|Any CPU
		{6539443C-732C-42DB-B8F5-5EC3CC602784}.Release|x86.ActiveCfg = Release|Any CPU
		{6539443C-732C-42DB-B8F5-5EC3CC602784}.Release|x86.Build.0 = Release|Any CPU
		{593570FC-5061-4A57-B33F-ADD92CE52D73}.Debug|Any CPU.ActiveCfg = Debug|Any CPU
		{593570FC-5061-4A57-B33F-ADD92CE52D73}.Debug|Any CPU.Build.0 = Debug|Any CPU
		{593570FC-5061-4A57-B33F-ADD92CE52D73}.Debug|x64.ActiveCfg = Debug|Any CPU
		{593570FC-5061-4A57-B33F-ADD92CE52D73}.Debug|x64.Build.0 = Debug|Any CPU
		{593570FC-5061-4A57-B33F-ADD92CE52D73}.Debug|x86.ActiveCfg = Debug|Any CPU
		{593570FC-5061-4A57-B33F-ADD92CE52D73}.Debug|x86.Build.0 = Debug|Any CPU
		{593570FC-5061-4A57-B33F-ADD92CE52D73}.Release|Any CPU.ActiveCfg = Release|Any CPU
		{593570FC-5061-4A57-B33F-ADD92CE52D73}.Release|Any CPU.Build.0 = Release|Any CPU
		{593570FC-5061-4A57-B33F-ADD92CE52D73}.Release|x64.ActiveCfg = Release|Any CPU
		{593570FC-5061-4A57-B33F-ADD92CE52D73}.Release|x64.Build.0 = Release|Any CPU
		{593570FC-5061-4A57-B33F-ADD92CE52D73}.Release|x86.ActiveCfg = Release|Any CPU
		{593570FC-5061-4A57-B33F-ADD92CE52D73}.Release|x86.Build.0 = Release|Any CPU
		{70F35C14-F283-4247-906C-B11349AD59C8}.Debug|Any CPU.ActiveCfg = Debug|Any CPU
		{70F35C14-F283-4247-906C-B11349AD59C8}.Debug|Any CPU.Build.0 = Debug|Any CPU
		{70F35C14-F283-4247-906C-B11349AD59C8}.Debug|x64.ActiveCfg = Debug|Any CPU
		{70F35C14-F283-4247-906C-B11349AD59C8}.Debug|x64.Build.0 = Debug|Any CPU
		{70F35C14-F283-4247-906C-B11349AD59C8}.Debug|x86.ActiveCfg = Debug|Any CPU
		{70F35C14-F283-4247-906C-B11349AD59C8}.Debug|x86.Build.0 = Debug|Any CPU
		{70F35C14-F283-4247-906C-B11349AD59C8}.Release|Any CPU.ActiveCfg = Release|Any CPU
		{70F35C14-F283-4247-906C-B11349AD59C8}.Release|Any CPU.Build.0 = Release|Any CPU
		{70F35C14-F283-4247-906C-B11349AD59C8}.Release|x64.ActiveCfg = Release|Any CPU
		{70F35C14-F283-4247-906C-B11349AD59C8}.Release|x64.Build.0 = Release|Any CPU
		{70F35C14-F283-4247-906C-B11349AD59C8}.Release|x86.ActiveCfg = Release|Any CPU
		{70F35C14-F283-4247-906C-B11349AD59C8}.Release|x86.Build.0 = Release|Any CPU
		{E05B6797-29D2-49BA-AF1B-8257C006AC0B}.Debug|Any CPU.ActiveCfg = Debug|Any CPU
		{E05B6797-29D2-49BA-AF1B-8257C006AC0B}.Debug|Any CPU.Build.0 = Debug|Any CPU
		{E05B6797-29D2-49BA-AF1B-8257C006AC0B}.Debug|x64.ActiveCfg = Debug|Any CPU
		{E05B6797-29D2-49BA-AF1B-8257C006AC0B}.Debug|x64.Build.0 = Debug|Any CPU
		{E05B6797-29D2-49BA-AF1B-8257C006AC0B}.Debug|x86.ActiveCfg = Debug|Any CPU
		{E05B6797-29D2-49BA-AF1B-8257C006AC0B}.Debug|x86.Build.0 = Debug|Any CPU
		{E05B6797-29D2-49BA-AF1B-8257C006AC0B}.Release|Any CPU.ActiveCfg = Release|Any CPU
		{E05B6797-29D2-49BA-AF1B-8257C006AC0B}.Release|Any CPU.Build.0 = Release|Any CPU
		{E05B6797-29D2-49BA-AF1B-8257C006AC0B}.Release|x64.ActiveCfg = Release|Any CPU
		{E05B6797-29D2-49BA-AF1B-8257C006AC0B}.Release|x64.Build.0 = Release|Any CPU
		{E05B6797-29D2-49BA-AF1B-8257C006AC0B}.Release|x86.ActiveCfg = Release|Any CPU
		{E05B6797-29D2-49BA-AF1B-8257C006AC0B}.Release|x86.Build.0 = Release|Any CPU
		{ABA9604C-E708-46F0-BD9C-34E4E8E3D0E2}.Debug|Any CPU.ActiveCfg = Debug|Any CPU
		{ABA9604C-E708-46F0-BD9C-34E4E8E3D0E2}.Debug|Any CPU.Build.0 = Debug|Any CPU
		{ABA9604C-E708-46F0-BD9C-34E4E8E3D0E2}.Debug|x64.ActiveCfg = Debug|Any CPU
		{ABA9604C-E708-46F0-BD9C-34E4E8E3D0E2}.Debug|x64.Build.0 = Debug|Any CPU
		{ABA9604C-E708-46F0-BD9C-34E4E8E3D0E2}.Debug|x86.ActiveCfg = Debug|Any CPU
		{ABA9604C-E708-46F0-BD9C-34E4E8E3D0E2}.Debug|x86.Build.0 = Debug|Any CPU
		{ABA9604C-E708-46F0-BD9C-34E4E8E3D0E2}.Release|Any CPU.ActiveCfg = Release|Any CPU
		{ABA9604C-E708-46F0-BD9C-34E4E8E3D0E2}.Release|Any CPU.Build.0 = Release|Any CPU
		{ABA9604C-E708-46F0-BD9C-34E4E8E3D0E2}.Release|x64.ActiveCfg = Release|Any CPU
		{ABA9604C-E708-46F0-BD9C-34E4E8E3D0E2}.Release|x64.Build.0 = Release|Any CPU
		{ABA9604C-E708-46F0-BD9C-34E4E8E3D0E2}.Release|x86.ActiveCfg = Release|Any CPU
		{ABA9604C-E708-46F0-BD9C-34E4E8E3D0E2}.Release|x86.Build.0 = Release|Any CPU
		{00028AD9-D885-47C8-9AC6-90C43F22DC26}.Debug|Any CPU.ActiveCfg = Debug|Any CPU
		{00028AD9-D885-47C8-9AC6-90C43F22DC26}.Debug|Any CPU.Build.0 = Debug|Any CPU
		{00028AD9-D885-47C8-9AC6-90C43F22DC26}.Debug|x64.ActiveCfg = Debug|Any CPU
		{00028AD9-D885-47C8-9AC6-90C43F22DC26}.Debug|x64.Build.0 = Debug|Any CPU
		{00028AD9-D885-47C8-9AC6-90C43F22DC26}.Debug|x86.ActiveCfg = Debug|Any CPU
		{00028AD9-D885-47C8-9AC6-90C43F22DC26}.Debug|x86.Build.0 = Debug|Any CPU
		{00028AD9-D885-47C8-9AC6-90C43F22DC26}.Release|Any CPU.ActiveCfg = Release|Any CPU
		{00028AD9-D885-47C8-9AC6-90C43F22DC26}.Release|Any CPU.Build.0 = Release|Any CPU
		{00028AD9-D885-47C8-9AC6-90C43F22DC26}.Release|x64.ActiveCfg = Release|Any CPU
		{00028AD9-D885-47C8-9AC6-90C43F22DC26}.Release|x64.Build.0 = Release|Any CPU
		{00028AD9-D885-47C8-9AC6-90C43F22DC26}.Release|x86.ActiveCfg = Release|Any CPU
		{00028AD9-D885-47C8-9AC6-90C43F22DC26}.Release|x86.Build.0 = Release|Any CPU
		{27D0731F-4852-4D29-AD76-3402D04C66FC}.Debug|Any CPU.ActiveCfg = Debug|Any CPU
		{27D0731F-4852-4D29-AD76-3402D04C66FC}.Debug|Any CPU.Build.0 = Debug|Any CPU
		{27D0731F-4852-4D29-AD76-3402D04C66FC}.Debug|x64.ActiveCfg = Debug|Any CPU
		{27D0731F-4852-4D29-AD76-3402D04C66FC}.Debug|x64.Build.0 = Debug|Any CPU
		{27D0731F-4852-4D29-AD76-3402D04C66FC}.Debug|x86.ActiveCfg = Debug|Any CPU
		{27D0731F-4852-4D29-AD76-3402D04C66FC}.Debug|x86.Build.0 = Debug|Any CPU
		{27D0731F-4852-4D29-AD76-3402D04C66FC}.Release|Any CPU.ActiveCfg = Release|Any CPU
		{27D0731F-4852-4D29-AD76-3402D04C66FC}.Release|Any CPU.Build.0 = Release|Any CPU
		{27D0731F-4852-4D29-AD76-3402D04C66FC}.Release|x64.ActiveCfg = Release|Any CPU
		{27D0731F-4852-4D29-AD76-3402D04C66FC}.Release|x64.Build.0 = Release|Any CPU
		{27D0731F-4852-4D29-AD76-3402D04C66FC}.Release|x86.ActiveCfg = Release|Any CPU
		{27D0731F-4852-4D29-AD76-3402D04C66FC}.Release|x86.Build.0 = Release|Any CPU
		{30C4E721-E6C8-4E78-8CC7-285B19868BF1}.Debug|Any CPU.ActiveCfg = Debug|Any CPU
		{30C4E721-E6C8-4E78-8CC7-285B19868BF1}.Debug|Any CPU.Build.0 = Debug|Any CPU
		{30C4E721-E6C8-4E78-8CC7-285B19868BF1}.Debug|x64.ActiveCfg = Debug|Any CPU
		{30C4E721-E6C8-4E78-8CC7-285B19868BF1}.Debug|x64.Build.0 = Debug|Any CPU
		{30C4E721-E6C8-4E78-8CC7-285B19868BF1}.Debug|x86.ActiveCfg = Debug|Any CPU
		{30C4E721-E6C8-4E78-8CC7-285B19868BF1}.Debug|x86.Build.0 = Debug|Any CPU
		{30C4E721-E6C8-4E78-8CC7-285B19868BF1}.Release|Any CPU.ActiveCfg = Release|Any CPU
		{30C4E721-E6C8-4E78-8CC7-285B19868BF1}.Release|Any CPU.Build.0 = Release|Any CPU
		{30C4E721-E6C8-4E78-8CC7-285B19868BF1}.Release|x64.ActiveCfg = Release|Any CPU
		{30C4E721-E6C8-4E78-8CC7-285B19868BF1}.Release|x64.Build.0 = Release|Any CPU
		{30C4E721-E6C8-4E78-8CC7-285B19868BF1}.Release|x86.ActiveCfg = Release|Any CPU
		{30C4E721-E6C8-4E78-8CC7-285B19868BF1}.Release|x86.Build.0 = Release|Any CPU
		{648C6690-48E0-4226-85AB-79B95D6D95F1}.Debug|Any CPU.ActiveCfg = Debug|Any CPU
		{648C6690-48E0-4226-85AB-79B95D6D95F1}.Debug|Any CPU.Build.0 = Debug|Any CPU
		{648C6690-48E0-4226-85AB-79B95D6D95F1}.Debug|x64.ActiveCfg = Debug|Any CPU
		{648C6690-48E0-4226-85AB-79B95D6D95F1}.Debug|x64.Build.0 = Debug|Any CPU
		{648C6690-48E0-4226-85AB-79B95D6D95F1}.Debug|x86.ActiveCfg = Debug|Any CPU
		{648C6690-48E0-4226-85AB-79B95D6D95F1}.Debug|x86.Build.0 = Debug|Any CPU
		{648C6690-48E0-4226-85AB-79B95D6D95F1}.Release|Any CPU.ActiveCfg = Release|Any CPU
		{648C6690-48E0-4226-85AB-79B95D6D95F1}.Release|Any CPU.Build.0 = Release|Any CPU
		{648C6690-48E0-4226-85AB-79B95D6D95F1}.Release|x64.ActiveCfg = Release|Any CPU
		{648C6690-48E0-4226-85AB-79B95D6D95F1}.Release|x64.Build.0 = Release|Any CPU
		{648C6690-48E0-4226-85AB-79B95D6D95F1}.Release|x86.ActiveCfg = Release|Any CPU
		{648C6690-48E0-4226-85AB-79B95D6D95F1}.Release|x86.Build.0 = Release|Any CPU
		{CDA9046C-1B0B-4D58-AF90-87A61912C8AB}.Debug|Any CPU.ActiveCfg = Debug|Any CPU
		{CDA9046C-1B0B-4D58-AF90-87A61912C8AB}.Debug|Any CPU.Build.0 = Debug|Any CPU
		{CDA9046C-1B0B-4D58-AF90-87A61912C8AB}.Debug|x64.ActiveCfg = Debug|Any CPU
		{CDA9046C-1B0B-4D58-AF90-87A61912C8AB}.Debug|x64.Build.0 = Debug|Any CPU
		{CDA9046C-1B0B-4D58-AF90-87A61912C8AB}.Debug|x86.ActiveCfg = Debug|Any CPU
		{CDA9046C-1B0B-4D58-AF90-87A61912C8AB}.Debug|x86.Build.0 = Debug|Any CPU
		{CDA9046C-1B0B-4D58-AF90-87A61912C8AB}.Release|Any CPU.ActiveCfg = Release|Any CPU
		{CDA9046C-1B0B-4D58-AF90-87A61912C8AB}.Release|Any CPU.Build.0 = Release|Any CPU
		{CDA9046C-1B0B-4D58-AF90-87A61912C8AB}.Release|x64.ActiveCfg = Release|Any CPU
		{CDA9046C-1B0B-4D58-AF90-87A61912C8AB}.Release|x64.Build.0 = Release|Any CPU
		{CDA9046C-1B0B-4D58-AF90-87A61912C8AB}.Release|x86.ActiveCfg = Release|Any CPU
		{CDA9046C-1B0B-4D58-AF90-87A61912C8AB}.Release|x86.Build.0 = Release|Any CPU
		{169FF6F6-E269-4E55-9D20-66C8F4A97E4B}.Debug|Any CPU.ActiveCfg = Debug|Any CPU
		{169FF6F6-E269-4E55-9D20-66C8F4A97E4B}.Debug|Any CPU.Build.0 = Debug|Any CPU
		{169FF6F6-E269-4E55-9D20-66C8F4A97E4B}.Debug|x64.ActiveCfg = Debug|Any CPU
		{169FF6F6-E269-4E55-9D20-66C8F4A97E4B}.Debug|x64.Build.0 = Debug|Any CPU
		{169FF6F6-E269-4E55-9D20-66C8F4A97E4B}.Debug|x86.ActiveCfg = Debug|Any CPU
		{169FF6F6-E269-4E55-9D20-66C8F4A97E4B}.Debug|x86.Build.0 = Debug|Any CPU
		{169FF6F6-E269-4E55-9D20-66C8F4A97E4B}.Release|Any CPU.ActiveCfg = Release|Any CPU
		{169FF6F6-E269-4E55-9D20-66C8F4A97E4B}.Release|Any CPU.Build.0 = Release|Any CPU
		{169FF6F6-E269-4E55-9D20-66C8F4A97E4B}.Release|x64.ActiveCfg = Release|Any CPU
		{169FF6F6-E269-4E55-9D20-66C8F4A97E4B}.Release|x64.Build.0 = Release|Any CPU
		{169FF6F6-E269-4E55-9D20-66C8F4A97E4B}.Release|x86.ActiveCfg = Release|Any CPU
		{169FF6F6-E269-4E55-9D20-66C8F4A97E4B}.Release|x86.Build.0 = Release|Any CPU
		{461BE414-3796-4788-A3DA-E020108C84D7}.Debug|Any CPU.ActiveCfg = Debug|Any CPU
		{461BE414-3796-4788-A3DA-E020108C84D7}.Debug|Any CPU.Build.0 = Debug|Any CPU
		{461BE414-3796-4788-A3DA-E020108C84D7}.Debug|x64.ActiveCfg = Debug|Any CPU
		{461BE414-3796-4788-A3DA-E020108C84D7}.Debug|x64.Build.0 = Debug|Any CPU
		{461BE414-3796-4788-A3DA-E020108C84D7}.Debug|x86.ActiveCfg = Debug|Any CPU
		{461BE414-3796-4788-A3DA-E020108C84D7}.Debug|x86.Build.0 = Debug|Any CPU
		{461BE414-3796-4788-A3DA-E020108C84D7}.Release|Any CPU.ActiveCfg = Release|Any CPU
		{461BE414-3796-4788-A3DA-E020108C84D7}.Release|Any CPU.Build.0 = Release|Any CPU
		{461BE414-3796-4788-A3DA-E020108C84D7}.Release|x64.ActiveCfg = Release|Any CPU
		{461BE414-3796-4788-A3DA-E020108C84D7}.Release|x64.Build.0 = Release|Any CPU
		{461BE414-3796-4788-A3DA-E020108C84D7}.Release|x86.ActiveCfg = Release|Any CPU
		{461BE414-3796-4788-A3DA-E020108C84D7}.Release|x86.Build.0 = Release|Any CPU
		{FEA47C2C-A6CD-4BA2-B98E-BD1EEA2DD94E}.Debug|Any CPU.ActiveCfg = Debug|Any CPU
		{FEA47C2C-A6CD-4BA2-B98E-BD1EEA2DD94E}.Debug|Any CPU.Build.0 = Debug|Any CPU
		{FEA47C2C-A6CD-4BA2-B98E-BD1EEA2DD94E}.Debug|x64.ActiveCfg = Debug|Any CPU
		{FEA47C2C-A6CD-4BA2-B98E-BD1EEA2DD94E}.Debug|x64.Build.0 = Debug|Any CPU
		{FEA47C2C-A6CD-4BA2-B98E-BD1EEA2DD94E}.Debug|x86.ActiveCfg = Debug|Any CPU
		{FEA47C2C-A6CD-4BA2-B98E-BD1EEA2DD94E}.Debug|x86.Build.0 = Debug|Any CPU
		{FEA47C2C-A6CD-4BA2-B98E-BD1EEA2DD94E}.Release|Any CPU.ActiveCfg = Release|Any CPU
		{FEA47C2C-A6CD-4BA2-B98E-BD1EEA2DD94E}.Release|Any CPU.Build.0 = Release|Any CPU
		{FEA47C2C-A6CD-4BA2-B98E-BD1EEA2DD94E}.Release|x64.ActiveCfg = Release|Any CPU
		{FEA47C2C-A6CD-4BA2-B98E-BD1EEA2DD94E}.Release|x64.Build.0 = Release|Any CPU
		{FEA47C2C-A6CD-4BA2-B98E-BD1EEA2DD94E}.Release|x86.ActiveCfg = Release|Any CPU
		{FEA47C2C-A6CD-4BA2-B98E-BD1EEA2DD94E}.Release|x86.Build.0 = Release|Any CPU
		{18B99550-BE9B-4704-9D21-DF3CC48FAD97}.Debug|Any CPU.ActiveCfg = Debug|Any CPU
		{18B99550-BE9B-4704-9D21-DF3CC48FAD97}.Debug|Any CPU.Build.0 = Debug|Any CPU
		{18B99550-BE9B-4704-9D21-DF3CC48FAD97}.Debug|x64.ActiveCfg = Debug|Any CPU
		{18B99550-BE9B-4704-9D21-DF3CC48FAD97}.Debug|x64.Build.0 = Debug|Any CPU
		{18B99550-BE9B-4704-9D21-DF3CC48FAD97}.Debug|x86.ActiveCfg = Debug|Any CPU
		{18B99550-BE9B-4704-9D21-DF3CC48FAD97}.Debug|x86.Build.0 = Debug|Any CPU
		{18B99550-BE9B-4704-9D21-DF3CC48FAD97}.Release|Any CPU.ActiveCfg = Release|Any CPU
		{18B99550-BE9B-4704-9D21-DF3CC48FAD97}.Release|Any CPU.Build.0 = Release|Any CPU
		{18B99550-BE9B-4704-9D21-DF3CC48FAD97}.Release|x64.ActiveCfg = Release|Any CPU
		{18B99550-BE9B-4704-9D21-DF3CC48FAD97}.Release|x64.Build.0 = Release|Any CPU
		{18B99550-BE9B-4704-9D21-DF3CC48FAD97}.Release|x86.ActiveCfg = Release|Any CPU
		{18B99550-BE9B-4704-9D21-DF3CC48FAD97}.Release|x86.Build.0 = Release|Any CPU
		{F71D27E6-8844-442F-8F6C-D0A3C05D1AAC}.Debug|Any CPU.ActiveCfg = Debug|Any CPU
		{F71D27E6-8844-442F-8F6C-D0A3C05D1AAC}.Debug|Any CPU.Build.0 = Debug|Any CPU
		{F71D27E6-8844-442F-8F6C-D0A3C05D1AAC}.Debug|x64.ActiveCfg = Debug|Any CPU
		{F71D27E6-8844-442F-8F6C-D0A3C05D1AAC}.Debug|x64.Build.0 = Debug|Any CPU
		{F71D27E6-8844-442F-8F6C-D0A3C05D1AAC}.Debug|x86.ActiveCfg = Debug|Any CPU
		{F71D27E6-8844-442F-8F6C-D0A3C05D1AAC}.Debug|x86.Build.0 = Debug|Any CPU
		{F71D27E6-8844-442F-8F6C-D0A3C05D1AAC}.Release|Any CPU.ActiveCfg = Release|Any CPU
		{F71D27E6-8844-442F-8F6C-D0A3C05D1AAC}.Release|Any CPU.Build.0 = Release|Any CPU
		{F71D27E6-8844-442F-8F6C-D0A3C05D1AAC}.Release|x64.ActiveCfg = Release|Any CPU
		{F71D27E6-8844-442F-8F6C-D0A3C05D1AAC}.Release|x64.Build.0 = Release|Any CPU
		{F71D27E6-8844-442F-8F6C-D0A3C05D1AAC}.Release|x86.ActiveCfg = Release|Any CPU
		{F71D27E6-8844-442F-8F6C-D0A3C05D1AAC}.Release|x86.Build.0 = Release|Any CPU
		{E33D0F30-8173-4DEB-B329-ABC09EB7427E}.Debug|Any CPU.ActiveCfg = Debug|Any CPU
		{E33D0F30-8173-4DEB-B329-ABC09EB7427E}.Debug|Any CPU.Build.0 = Debug|Any CPU
		{E33D0F30-8173-4DEB-B329-ABC09EB7427E}.Debug|x64.ActiveCfg = Debug|Any CPU
		{E33D0F30-8173-4DEB-B329-ABC09EB7427E}.Debug|x64.Build.0 = Debug|Any CPU
		{E33D0F30-8173-4DEB-B329-ABC09EB7427E}.Debug|x86.ActiveCfg = Debug|Any CPU
		{E33D0F30-8173-4DEB-B329-ABC09EB7427E}.Debug|x86.Build.0 = Debug|Any CPU
		{E33D0F30-8173-4DEB-B329-ABC09EB7427E}.Release|Any CPU.ActiveCfg = Release|Any CPU
		{E33D0F30-8173-4DEB-B329-ABC09EB7427E}.Release|Any CPU.Build.0 = Release|Any CPU
		{E33D0F30-8173-4DEB-B329-ABC09EB7427E}.Release|x64.ActiveCfg = Release|Any CPU
		{E33D0F30-8173-4DEB-B329-ABC09EB7427E}.Release|x64.Build.0 = Release|Any CPU
		{E33D0F30-8173-4DEB-B329-ABC09EB7427E}.Release|x86.ActiveCfg = Release|Any CPU
		{E33D0F30-8173-4DEB-B329-ABC09EB7427E}.Release|x86.Build.0 = Release|Any CPU
		{66772105-612B-4499-9376-F11A067F2438}.Debug|Any CPU.ActiveCfg = Debug|Any CPU
		{66772105-612B-4499-9376-F11A067F2438}.Debug|Any CPU.Build.0 = Debug|Any CPU
		{66772105-612B-4499-9376-F11A067F2438}.Debug|x64.ActiveCfg = Debug|Any CPU
		{66772105-612B-4499-9376-F11A067F2438}.Debug|x64.Build.0 = Debug|Any CPU
		{66772105-612B-4499-9376-F11A067F2438}.Debug|x86.ActiveCfg = Debug|Any CPU
		{66772105-612B-4499-9376-F11A067F2438}.Debug|x86.Build.0 = Debug|Any CPU
		{66772105-612B-4499-9376-F11A067F2438}.Release|Any CPU.ActiveCfg = Release|Any CPU
		{66772105-612B-4499-9376-F11A067F2438}.Release|Any CPU.Build.0 = Release|Any CPU
		{66772105-612B-4499-9376-F11A067F2438}.Release|x64.ActiveCfg = Release|Any CPU
		{66772105-612B-4499-9376-F11A067F2438}.Release|x64.Build.0 = Release|Any CPU
		{66772105-612B-4499-9376-F11A067F2438}.Release|x86.ActiveCfg = Release|Any CPU
		{66772105-612B-4499-9376-F11A067F2438}.Release|x86.Build.0 = Release|Any CPU
		{D631631D-DFA0-494D-BC87-CE43961D9734}.Debug|Any CPU.ActiveCfg = Debug|Any CPU
		{D631631D-DFA0-494D-BC87-CE43961D9734}.Debug|Any CPU.Build.0 = Debug|Any CPU
		{D631631D-DFA0-494D-BC87-CE43961D9734}.Debug|x64.ActiveCfg = Debug|Any CPU
		{D631631D-DFA0-494D-BC87-CE43961D9734}.Debug|x64.Build.0 = Debug|Any CPU
		{D631631D-DFA0-494D-BC87-CE43961D9734}.Debug|x86.ActiveCfg = Debug|Any CPU
		{D631631D-DFA0-494D-BC87-CE43961D9734}.Debug|x86.Build.0 = Debug|Any CPU
		{D631631D-DFA0-494D-BC87-CE43961D9734}.Release|Any CPU.ActiveCfg = Release|Any CPU
		{D631631D-DFA0-494D-BC87-CE43961D9734}.Release|Any CPU.Build.0 = Release|Any CPU
		{D631631D-DFA0-494D-BC87-CE43961D9734}.Release|x64.ActiveCfg = Release|Any CPU
		{D631631D-DFA0-494D-BC87-CE43961D9734}.Release|x64.Build.0 = Release|Any CPU
		{D631631D-DFA0-494D-BC87-CE43961D9734}.Release|x86.ActiveCfg = Release|Any CPU
		{D631631D-DFA0-494D-BC87-CE43961D9734}.Release|x86.Build.0 = Release|Any CPU
		{05A94B19-2A28-4C94-A5B3-054F97A934EC}.Debug|Any CPU.ActiveCfg = Debug|Any CPU
		{05A94B19-2A28-4C94-A5B3-054F97A934EC}.Debug|Any CPU.Build.0 = Debug|Any CPU
		{05A94B19-2A28-4C94-A5B3-054F97A934EC}.Debug|x64.ActiveCfg = Debug|Any CPU
		{05A94B19-2A28-4C94-A5B3-054F97A934EC}.Debug|x64.Build.0 = Debug|Any CPU
		{05A94B19-2A28-4C94-A5B3-054F97A934EC}.Debug|x86.ActiveCfg = Debug|Any CPU
		{05A94B19-2A28-4C94-A5B3-054F97A934EC}.Debug|x86.Build.0 = Debug|Any CPU
		{05A94B19-2A28-4C94-A5B3-054F97A934EC}.Release|Any CPU.ActiveCfg = Release|Any CPU
		{05A94B19-2A28-4C94-A5B3-054F97A934EC}.Release|Any CPU.Build.0 = Release|Any CPU
		{05A94B19-2A28-4C94-A5B3-054F97A934EC}.Release|x64.ActiveCfg = Release|Any CPU
		{05A94B19-2A28-4C94-A5B3-054F97A934EC}.Release|x64.Build.0 = Release|Any CPU
		{05A94B19-2A28-4C94-A5B3-054F97A934EC}.Release|x86.ActiveCfg = Release|Any CPU
		{05A94B19-2A28-4C94-A5B3-054F97A934EC}.Release|x86.Build.0 = Release|Any CPU
		{5D8120A7-DF12-4B03-A246-DF3FA16268E5}.Debug|Any CPU.ActiveCfg = Debug|Any CPU
		{5D8120A7-DF12-4B03-A246-DF3FA16268E5}.Debug|Any CPU.Build.0 = Debug|Any CPU
		{5D8120A7-DF12-4B03-A246-DF3FA16268E5}.Debug|x64.ActiveCfg = Debug|Any CPU
		{5D8120A7-DF12-4B03-A246-DF3FA16268E5}.Debug|x64.Build.0 = Debug|Any CPU
		{5D8120A7-DF12-4B03-A246-DF3FA16268E5}.Debug|x86.ActiveCfg = Debug|Any CPU
		{5D8120A7-DF12-4B03-A246-DF3FA16268E5}.Debug|x86.Build.0 = Debug|Any CPU
		{5D8120A7-DF12-4B03-A246-DF3FA16268E5}.Release|Any CPU.ActiveCfg = Release|Any CPU
		{5D8120A7-DF12-4B03-A246-DF3FA16268E5}.Release|Any CPU.Build.0 = Release|Any CPU
		{5D8120A7-DF12-4B03-A246-DF3FA16268E5}.Release|x64.ActiveCfg = Release|Any CPU
		{5D8120A7-DF12-4B03-A246-DF3FA16268E5}.Release|x64.Build.0 = Release|Any CPU
		{5D8120A7-DF12-4B03-A246-DF3FA16268E5}.Release|x86.ActiveCfg = Release|Any CPU
		{5D8120A7-DF12-4B03-A246-DF3FA16268E5}.Release|x86.Build.0 = Release|Any CPU
		{283B8625-03B7-45BC-B339-BE4314118F4B}.Debug|Any CPU.ActiveCfg = Debug|Any CPU
		{283B8625-03B7-45BC-B339-BE4314118F4B}.Debug|Any CPU.Build.0 = Debug|Any CPU
		{283B8625-03B7-45BC-B339-BE4314118F4B}.Debug|x64.ActiveCfg = Debug|Any CPU
		{283B8625-03B7-45BC-B339-BE4314118F4B}.Debug|x64.Build.0 = Debug|Any CPU
		{283B8625-03B7-45BC-B339-BE4314118F4B}.Debug|x86.ActiveCfg = Debug|Any CPU
		{283B8625-03B7-45BC-B339-BE4314118F4B}.Debug|x86.Build.0 = Debug|Any CPU
		{283B8625-03B7-45BC-B339-BE4314118F4B}.Release|Any CPU.ActiveCfg = Release|Any CPU
		{283B8625-03B7-45BC-B339-BE4314118F4B}.Release|Any CPU.Build.0 = Release|Any CPU
		{283B8625-03B7-45BC-B339-BE4314118F4B}.Release|x64.ActiveCfg = Release|Any CPU
		{283B8625-03B7-45BC-B339-BE4314118F4B}.Release|x64.Build.0 = Release|Any CPU
		{283B8625-03B7-45BC-B339-BE4314118F4B}.Release|x86.ActiveCfg = Release|Any CPU
		{283B8625-03B7-45BC-B339-BE4314118F4B}.Release|x86.Build.0 = Release|Any CPU
	EndGlobalSection
	GlobalSection(SolutionProperties) = preSolution
		HideSolutionNode = FALSE
	EndGlobalSection
	GlobalSection(NestedProjects) = preSolution
		{90298CBA-BD6F-3A0A-69D5-97CAD7B05E7E} = {827E0CD3-B72D-47B6-A68D-7590B98EB39B}
		{6DA10531-6864-46A1-B4B2-6C445001159A} = {90298CBA-BD6F-3A0A-69D5-97CAD7B05E7E}
		{9F7CDAA1-F554-4C2E-9898-BAEE813F39D8} = {90298CBA-BD6F-3A0A-69D5-97CAD7B05E7E}
		{EC447DCF-ABFA-6E24-52A5-D7FD48A5C558} = {827E0CD3-B72D-47B6-A68D-7590B98EB39B}
		{1C6BD97C-D8A5-43B5-D0A5-503C2DB99D68} = {EC447DCF-ABFA-6E24-52A5-D7FD48A5C558}
		{8456DB09-B891-4937-BFBA-A6A8A8B2DCA8} = {1C6BD97C-D8A5-43B5-D0A5-503C2DB99D68}
		{9028B4FD-5AB2-44DF-9C85-F6A53FD8AE05} = {1C6BD97C-D8A5-43B5-D0A5-503C2DB99D68}
		{6453169C-E0F2-4936-9C2F-80CBE20BC42F} = {90298CBA-BD6F-3A0A-69D5-97CAD7B05E7E}
		{8DD2F24A-54E6-425B-9FBD-F106483973BC} = {1C6BD97C-D8A5-43B5-D0A5-503C2DB99D68}
		{6539443C-732C-42DB-B8F5-5EC3CC602784} = {1C6BD97C-D8A5-43B5-D0A5-503C2DB99D68}
		{FFFD76E7-9DDC-99A6-5C69-F087A1CB34EC} = {EC447DCF-ABFA-6E24-52A5-D7FD48A5C558}
		{593570FC-5061-4A57-B33F-ADD92CE52D73} = {FFFD76E7-9DDC-99A6-5C69-F087A1CB34EC}
		{70F35C14-F283-4247-906C-B11349AD59C8} = {FFFD76E7-9DDC-99A6-5C69-F087A1CB34EC}
		{E05B6797-29D2-49BA-AF1B-8257C006AC0B} = {FFFD76E7-9DDC-99A6-5C69-F087A1CB34EC}
		{ABA9604C-E708-46F0-BD9C-34E4E8E3D0E2} = {FFFD76E7-9DDC-99A6-5C69-F087A1CB34EC}
		{A5B49C5C-A90A-EF2E-4DC9-FA3994374B10} = {EC447DCF-ABFA-6E24-52A5-D7FD48A5C558}
		{00028AD9-D885-47C8-9AC6-90C43F22DC26} = {A5B49C5C-A90A-EF2E-4DC9-FA3994374B10}
		{27D0731F-4852-4D29-AD76-3402D04C66FC} = {A5B49C5C-A90A-EF2E-4DC9-FA3994374B10}
		{30C4E721-E6C8-4E78-8CC7-285B19868BF1} = {A5B49C5C-A90A-EF2E-4DC9-FA3994374B10}
		{648C6690-48E0-4226-85AB-79B95D6D95F1} = {A5B49C5C-A90A-EF2E-4DC9-FA3994374B10}
		{5BDD47FE-004A-9474-AEAD-CE87C742A1ED} = {EC447DCF-ABFA-6E24-52A5-D7FD48A5C558}
		{CDA9046C-1B0B-4D58-AF90-87A61912C8AB} = {5BDD47FE-004A-9474-AEAD-CE87C742A1ED}
		{169FF6F6-E269-4E55-9D20-66C8F4A97E4B} = {5BDD47FE-004A-9474-AEAD-CE87C742A1ED}
		{461BE414-3796-4788-A3DA-E020108C84D7} = {5BDD47FE-004A-9474-AEAD-CE87C742A1ED}
		{FEA47C2C-A6CD-4BA2-B98E-BD1EEA2DD94E} = {5BDD47FE-004A-9474-AEAD-CE87C742A1ED}
		{DE9DAF8A-E684-0FD3-FFDC-40D3E3158533} = {EC447DCF-ABFA-6E24-52A5-D7FD48A5C558}
		{18B99550-BE9B-4704-9D21-DF3CC48FAD97} = {DE9DAF8A-E684-0FD3-FFDC-40D3E3158533}
		{F71D27E6-8844-442F-8F6C-D0A3C05D1AAC} = {DE9DAF8A-E684-0FD3-FFDC-40D3E3158533}
		{E33D0F30-8173-4DEB-B329-ABC09EB7427E} = {DE9DAF8A-E684-0FD3-FFDC-40D3E3158533}
		{66772105-612B-4499-9376-F11A067F2438} = {DE9DAF8A-E684-0FD3-FFDC-40D3E3158533}
		{FCA01246-F2C6-0AA7-D43F-FD13BE0B9D88} = {827E0CD3-B72D-47B6-A68D-7590B98EB39B}
		{D631631D-DFA0-494D-BC87-CE43961D9734} = {FCA01246-F2C6-0AA7-D43F-FD13BE0B9D88}
		{394A81D9-3C45-9818-BB26-23F2B85056FF} = {0AB3BF05-4346-4AA6-1389-037BE0695223}
		{05A94B19-2A28-4C94-A5B3-054F97A934EC} = {394A81D9-3C45-9818-BB26-23F2B85056FF}
		{5D8120A7-DF12-4B03-A246-DF3FA16268E5} = {394A81D9-3C45-9818-BB26-23F2B85056FF}
		{30785934-E017-5D9F-2777-3D61460A5281} = {0AB3BF05-4346-4AA6-1389-037BE0695223}
		{283B8625-03B7-45BC-B339-BE4314118F4B} = {30785934-E017-5D9F-2777-3D61460A5281}
	EndGlobalSection
EndGlobal
